
Microsoft Visual Studio Solution File, Format Version 12.00
# Visual Studio Version 16
VisualStudioVersion = 16.0.32602.291
MinimumVisualStudioVersion = 10.0.40219.1
Project("{FAE04EC0-301F-11D3-BF4B-00C04F79EFBC}") = "My_CSharp_Main_Project", "My_CSharp_Main_Project\My_CSharp_Main_Project.csproj", "{D8DCB59E-0B7A-4750-AE9D-E988AD1ABA2F}"
EndProject
Global
	GlobalSection(SolutionConfigurationPlatforms) = preSolution
		Debug|Any CPU = Debug|Any CPU
		Release|Any CPU = Release|Any CPU
	EndGlobalSection
	GlobalSection(ProjectConfigurationPlatforms) = postSolution
		{D8DCB59E-0B7A-4750-AE9D-E988AD1ABA2F}.Debug|Any CPU.ActiveCfg = Debug|Any CPU
		{D8DCB59E-0B7A-4750-AE9D-E988AD1ABA2F}.Debug|Any CPU.Build.0 = Debug|Any CPU
		{D8DCB59E-0B7A-4750-AE9D-E988AD1ABA2F}.Release|Any CPU.ActiveCfg = Release|Any CPU
		{D8DCB59E-0B7A-4750-AE9D-E988AD1ABA2F}.Release|Any CPU.Build.0 = Release|Any CPU
	EndGlobalSection
	GlobalSection(SolutionProperties) = preSolution
		HideSolutionNode = FALSE
	EndGlobalSection
	GlobalSection(ExtensibilityGlobals) = postSolution
		SolutionGuid = {2A1789C2-A301-4573-8C69-2F52FC26B491}
	EndGlobalSection
EndGlobal
